
Microsoft Visual Studio Solution File, Format Version 12.00
# Visual Studio 15
VisualStudioVersion = 15.0.28307.136
MinimumVisualStudioVersion = 10.0.40219.1
Project("{FAE04EC0-301F-11D3-BF4B-00C04F79EFBC}") = "Xml", "Xml\Xml.csproj", "{042F05A7-AEEA-412E-87F9-F6B5C188EA7E}"
EndProject
Global
	GlobalSection(SolutionConfigurationPlatforms) = preSolution
		Debug|Any CPU = Debug|Any CPU
		Release|Any CPU = Release|Any CPU
	EndGlobalSection
	GlobalSection(ProjectConfigurationPlatforms) = postSolution
		{042F05A7-AEEA-412E-87F9-F6B5C188EA7E}.Debug|Any CPU.ActiveCfg = Debug|Any CPU
		{042F05A7-AEEA-412E-87F9-F6B5C188EA7E}.Debug|Any CPU.Build.0 = Debug|Any CPU
		{042F05A7-AEEA-412E-87F9-F6B5C188EA7E}.Release|Any CPU.ActiveCfg = Release|Any CPU
		{042F05A7-AEEA-412E-87F9-F6B5C188EA7E}.Release|Any CPU.Build.0 = Release|Any CPU
	EndGlobalSection
	GlobalSection(SolutionProperties) = preSolution
		HideSolutionNode = FALSE
	EndGlobalSection
	GlobalSection(ExtensibilityGlobals) = postSolution
		SolutionGuid = {87E947E0-81CC-4483-AD59-0D60DA740C05}
	EndGlobalSection
EndGlobal
